
Microsoft Visual Studio Solution File, Format Version 12.00
# Visual Studio Version 17
VisualStudioVersion = 17.7.34202.233
MinimumVisualStudioVersion = 10.0.40219.1
Project("{9A19103F-16F7-4668-BE54-9A1E7A4F7556}") = "Selenium-examples", "Selenium-examples\Selenium-examples.csproj", "{A37A319C-C5DF-40B6-ABE6-34B759B589E3}"
EndProject
Project("{9A19103F-16F7-4668-BE54-9A1E7A4F7556}") = "SeleniumNunitExamples", "SeleniumNunitExamples\SeleniumNunitExamples.csproj", "{3C17258C-7A83-405B-A781-EBDB4ACAC102}"
EndProject
Project("{FAE04EC0-301F-11D3-BF4B-00C04F79EFBC}") = "Assignment-1-14-11-2023", "Assignment-1-14-11-2023\Assignment-1-14-11-2023.csproj", "{1C42DC82-340C-4D36-9D67-92B41B0BF84E}"
EndProject
Global
	GlobalSection(SolutionConfigurationPlatforms) = preSolution
		Debug|Any CPU = Debug|Any CPU
		Release|Any CPU = Release|Any CPU
	EndGlobalSection
	GlobalSection(ProjectConfigurationPlatforms) = postSolution
		{A37A319C-C5DF-40B6-ABE6-34B759B589E3}.Debug|Any CPU.ActiveCfg = Debug|Any CPU
		{A37A319C-C5DF-40B6-ABE6-34B759B589E3}.Debug|Any CPU.Build.0 = Debug|Any CPU
		{A37A319C-C5DF-40B6-ABE6-34B759B589E3}.Release|Any CPU.ActiveCfg = Release|Any CPU
		{A37A319C-C5DF-40B6-ABE6-34B759B589E3}.Release|Any CPU.Build.0 = Release|Any CPU
		{3C17258C-7A83-405B-A781-EBDB4ACAC102}.Debug|Any CPU.ActiveCfg = Debug|Any CPU
		{3C17258C-7A83-405B-A781-EBDB4ACAC102}.Debug|Any CPU.Build.0 = Debug|Any CPU
		{3C17258C-7A83-405B-A781-EBDB4ACAC102}.Release|Any CPU.ActiveCfg = Release|Any CPU
		{3C17258C-7A83-405B-A781-EBDB4ACAC102}.Release|Any CPU.Build.0 = Release|Any CPU
		{1C42DC82-340C-4D36-9D67-92B41B0BF84E}.Debug|Any CPU.ActiveCfg = Debug|Any CPU
		{1C42DC82-340C-4D36-9D67-92B41B0BF84E}.Debug|Any CPU.Build.0 = Debug|Any CPU
		{1C42DC82-340C-4D36-9D67-92B41B0BF84E}.Release|Any CPU.ActiveCfg = Release|Any CPU
		{1C42DC82-340C-4D36-9D67-92B41B0BF84E}.Release|Any CPU.Build.0 = Release|Any CPU
	EndGlobalSection
	GlobalSection(SolutionProperties) = preSolution
		HideSolutionNode = FALSE
	EndGlobalSection
	GlobalSection(ExtensibilityGlobals) = postSolution
		SolutionGuid = {7C9C104C-1939-4B5B-9D38-5C46C69C30EC}
	EndGlobalSection
EndGlobal
